{
  "object": {
    "pins": [
      {
        "package": "JKDrawer",
        "repositoryURL": "https://github.com/johankool/Drawer",
        "state": {
          "branch": "master",
          "revision": "d6308d4642d681e14a55af80d9fff303f439e1cf",
          "version": null
        }
      }
    ]
  },
  "version": 1
}
