{
  "object": {
    "pins": [
      {
        "package": "JKDrawer",
        "repositoryURL": "https://github.com/johankool/Drawer.git",
        "state": {
          "branch": "master",
          "revision": "8011d41bdf5b264da8042ffe295b07101f078de2",
          "version": null
        }
      }
    ]
  },
  "version": 1
}
