{
  "object": {
    "pins": [
      {
        "package": "JKDrawer",
        "repositoryURL": "https://github.com/johankool/Drawer",
        "state": {
          "branch": "master",
          "revision": "84516b680af6312894dff42b64ed663dcae8c13f",
          "version": null
        }
      }
    ]
  },
  "version": 1
}
